// !$*UTF8*$!
{
	archiveVersion = 1;
	classes = {
	};
	objectVersion = 50;
	objects = {

/* Begin PBXBuildFile section */
		C82EB79420E0C78300824A0A /* AppDelegate.swift in Sources */ = {isa = PBXBuildFile; fileRef = C82EB79320E0C78300824A0A /* AppDelegate.swift */; };
		C82EB79620E0C78300824A0A /* ViewController.swift in Sources */ = {isa = PBXBuildFile; fileRef = C82EB79520E0C78300824A0A /* ViewController.swift */; };
		C82EB79920E0C78300824A0A /* Main.storyboard in Resources */ = {isa = PBXBuildFile; fileRef = C82EB79720E0C78300824A0A /* Main.storyboard */; };
		C82EB79B20E0C78500824A0A /* Assets.xcassets in Resources */ = {isa = PBXBuildFile; fileRef = C82EB79A20E0C78500824A0A /* Assets.xcassets */; };
		C82EB79E20E0C78500824A0A /* LaunchScreen.storyboard in Resources */ = {isa = PBXBuildFile; fileRef = C82EB79C20E0C78500824A0A /* LaunchScreen.storyboard */; };
		C82EB7A920E0C78500824A0A /* CryptoAppTests.swift in Sources */ = {isa = PBXBuildFile; fileRef = C82EB7A820E0C78500824A0A /* CryptoAppTests.swift */; };
		C82EB7B420E0C78500824A0A /* CryptoAppUITests.swift in Sources */ = {isa = PBXBuildFile; fileRef = C82EB7B320E0C78500824A0A /* CryptoAppUITests.swift */; };
/* End PBXBuildFile section */

/* Begin PBXContainerItemProxy section */
		C82EB7A520E0C78500824A0A /* PBXContainerItemProxy */ = {
			isa = PBXContainerItemProxy;
			containerPortal = C82EB78820E0C78300824A0A /* Project object */;
			proxyType = 1;
			remoteGlobalIDString = C82EB78F20E0C78300824A0A;
			remoteInfo = CryptoApp;
		};
		C82EB7B020E0C78500824A0A /* PBXContainerItemProxy */ = {
			isa = PBXContainerItemProxy;
			containerPortal = C82EB78820E0C78300824A0A /* Project object */;
			proxyType = 1;
			remoteGlobalIDString = C82EB78F20E0C78300824A0A;
			remoteInfo = CryptoApp;
		};
/* End PBXContainerItemProxy section */

/* Begin PBXFileReference section */
		C82EB79020E0C78300824A0A /* CryptoApp.app */ = {isa = PBXFileReference; explicitFileType = wrapper.application; includeInIndex = 0; path = CryptoApp.app; sourceTree = BUILT_PRODUCTS_DIR; };
		C82EB79320E0C78300824A0A /* AppDelegate.swift */ = {isa = PBXFileReference; lastKnownFileType = sourcecode.swift; path = AppDelegate.swift; sourceTree = "<group>"; };
		C82EB79520E0C78300824A0A /* ViewController.swift */ = {isa = PBXFileReference; lastKnownFileType = sourcecode.swift; path = ViewController.swift; sourceTree = "<group>"; };
		C82EB79820E0C78300824A0A /* Base */ = {isa = PBXFileReference; lastKnownFileType = file.storyboard; name = Base; path = Base.lproj/Main.storyboard; sourceTree = "<group>"; };
		C82EB79A20E0C78500824A0A /* Assets.xcassets */ = {isa = PBXFileReference; lastKnownFileType = folder.assetcatalog; path = Assets.xcassets; sourceTree = "<group>"; };
		C82EB79D20E0C78500824A0A /* Base */ = {isa = PBXFileReference; lastKnownFileType = file.storyboard; name = Base; path = Base.lproj/LaunchScreen.storyboard; sourceTree = "<group>"; };
		C82EB79F20E0C78500824A0A /* Info.plist */ = {isa = PBXFileReference; lastKnownFileType = text.plist.xml; path = Info.plist; sourceTree = "<group>"; };
		C82EB7A420E0C78500824A0A /* CryptoAppTests.xctest */ = {isa = PBXFileReference; explicitFileType = wrapper.cfbundle; includeInIndex = 0; path = CryptoAppTests.xctest; sourceTree = BUILT_PRODUCTS_DIR; };
		C82EB7A820E0C78500824A0A /* CryptoAppTests.swift */ = {isa = PBXFileReference; lastKnownFileType = sourcecode.swift; path = CryptoAppTests.swift; sourceTree = "<group>"; };
		C82EB7AA20E0C78500824A0A /* Info.plist */ = {isa = PBXFileReference; lastKnownFileType = text.plist.xml; path = Info.plist; sourceTree = "<group>"; };
		C82EB7AF20E0C78500824A0A /* CryptoAppUITests.xctest */ = {isa = PBXFileReference; explicitFileType = wrapper.cfbundle; includeInIndex = 0; path = CryptoAppUITests.xctest; sourceTree = BUILT_PRODUCTS_DIR; };
		C82EB7B320E0C78500824A0A /* CryptoAppUITests.swift */ = {isa = PBXFileReference; lastKnownFileType = sourcecode.swift; path = CryptoAppUITests.swift; sourceTree = "<group>"; };
		C82EB7B520E0C78500824A0A /* Info.plist */ = {isa = PBXFileReference; lastKnownFileType = text.plist.xml; path = Info.plist; sourceTree = "<group>"; };
/* End PBXFileReference section */

/* Begin PBXFrameworksBuildPhase section */
		C82EB78D20E0C78300824A0A /* Frameworks */ = {
			isa = PBXFrameworksBuildPhase;
			buildActionMask = 2147483647;
			files = (
			);
			runOnlyForDeploymentPostprocessing = 0;
		};
		C82EB7A120E0C78500824A0A /* Frameworks */ = {
			isa = PBXFrameworksBuildPhase;
			buildActionMask = 2147483647;
			files = (
			);
			runOnlyForDeploymentPostprocessing = 0;
		};
		C82EB7AC20E0C78500824A0A /* Frameworks */ = {
			isa = PBXFrameworksBuildPhase;
			buildActionMask = 2147483647;
			files = (
			);
			runOnlyForDeploymentPostprocessing = 0;
		};
/* End PBXFrameworksBuildPhase section */

/* Begin PBXGroup section */
		C82EB78720E0C78300824A0A = {
			isa = PBXGroup;
			children = (
				C82EB79220E0C78300824A0A /* CryptoApp */,
				C82EB7A720E0C78500824A0A /* CryptoAppTests */,
				C82EB7B220E0C78500824A0A /* CryptoAppUITests */,
				C82EB79120E0C78300824A0A /* Products */,
			);
			sourceTree = "<group>";
		};
		C82EB79120E0C78300824A0A /* Products */ = {
			isa = PBXGroup;
			children = (
				C82EB79020E0C78300824A0A /* CryptoApp.app */,
				C82EB7A420E0C78500824A0A /* CryptoAppTests.xctest */,
				C82EB7AF20E0C78500824A0A /* CryptoAppUITests.xctest */,
			);
			name = Products;
			sourceTree = "<group>";
		};
		C82EB79220E0C78300824A0A /* CryptoApp */ = {
			isa = PBXGroup;
			children = (
				C82EB79320E0C78300824A0A /* AppDelegate.swift */,
				C82EB79520E0C78300824A0A /* ViewController.swift */,
				C82EB79720E0C78300824A0A /* Main.storyboard */,
				C82EB79A20E0C78500824A0A /* Assets.xcassets */,
				C82EB79C20E0C78500824A0A /* LaunchScreen.storyboard */,
				C82EB79F20E0C78500824A0A /* Info.plist */,
			);
			path = CryptoApp;
			sourceTree = "<group>";
		};
		C82EB7A720E0C78500824A0A /* CryptoAppTests */ = {
			isa = PBXGroup;
			children = (
				C82EB7A820E0C78500824A0A /* CryptoAppTests.swift */,
				C82EB7AA20E0C78500824A0A /* Info.plist */,
			);
			path = CryptoAppTests;
			sourceTree = "<group>";
		};
		C82EB7B220E0C78500824A0A /* CryptoAppUITests */ = {
			isa = PBXGroup;
			children = (
				C82EB7B320E0C78500824A0A /* CryptoAppUITests.swift */,
				C82EB7B520E0C78500824A0A /* Info.plist */,
			);
			path = CryptoAppUITests;
			sourceTree = "<group>";
		};
/* End PBXGroup section */

/* Begin PBXNativeTarget section */
		C82EB78F20E0C78300824A0A /* CryptoApp */ = {
			isa = PBXNativeTarget;
			buildConfigurationList = C82EB7B820E0C78500824A0A /* Build configuration list for PBXNativeTarget "CryptoApp" */;
			buildPhases = (
				C82EB78C20E0C78300824A0A /* Sources */,
				C82EB78D20E0C78300824A0A /* Frameworks */,
				C82EB78E20E0C78300824A0A /* Resources */,
			);
			buildRules = (
			);
			dependencies = (
			);
			name = CryptoApp;
			productName = CryptoApp;
			productReference = C82EB79020E0C78300824A0A /* CryptoApp.app */;
			productType = "com.apple.product-type.application";
		};
		C82EB7A320E0C78500824A0A /* CryptoAppTests */ = {
			isa = PBXNativeTarget;
			buildConfigurationList = C82EB7BB20E0C78500824A0A /* Build configuration list for PBXNativeTarget "CryptoAppTests" */;
			buildPhases = (
				C82EB7A020E0C78500824A0A /* Sources */,
				C82EB7A120E0C78500824A0A /* Frameworks */,
				C82EB7A220E0C78500824A0A /* Resources */,
			);
			buildRules = (
			);
			dependencies = (
				C82EB7A620E0C78500824A0A /* PBXTargetDependency */,
			);
			name = CryptoAppTests;
			productName = CryptoAppTests;
			productReference = C82EB7A420E0C78500824A0A /* CryptoAppTests.xctest */;
			productType = "com.apple.product-type.bundle.unit-test";
		};
		C82EB7AE20E0C78500824A0A /* CryptoAppUITests */ = {
			isa = PBXNativeTarget;
			buildConfigurationList = C82EB7BE20E0C78500824A0A /* Build configuration list for PBXNativeTarget "CryptoAppUITests" */;
			buildPhases = (
				C82EB7AB20E0C78500824A0A /* Sources */,
				C82EB7AC20E0C78500824A0A /* Frameworks */,
				C82EB7AD20E0C78500824A0A /* Resources */,
			);
			buildRules = (
			);
			dependencies = (
				C82EB7B120E0C78500824A0A /* PBXTargetDependency */,
			);
			name = CryptoAppUITests;
			productName = CryptoAppUITests;
			productReference = C82EB7AF20E0C78500824A0A /* CryptoAppUITests.xctest */;
			productType = "com.apple.product-type.bundle.ui-testing";
		};
/* End PBXNativeTarget section */

/* Begin PBXProject section */
		C82EB78820E0C78300824A0A /* Project object */ = {
			isa = PBXProject;
			attributes = {
				LastSwiftUpdateCheck = 0930;
				LastUpgradeCheck = 0930;
				ORGANIZATIONNAME = "Angel Landoni";
				TargetAttributes = {
					C82EB78F20E0C78300824A0A = {
						CreatedOnToolsVersion = 9.3;
					};
					C82EB7A320E0C78500824A0A = {
						CreatedOnToolsVersion = 9.3;
						TestTargetID = C82EB78F20E0C78300824A0A;
					};
					C82EB7AE20E0C78500824A0A = {
						CreatedOnToolsVersion = 9.3;
						TestTargetID = C82EB78F20E0C78300824A0A;
					};
				};
			};
			buildConfigurationList = C82EB78B20E0C78300824A0A /* Build configuration list for PBXProject "CryptoApp" */;
			compatibilityVersion = "Xcode 9.3";
			developmentRegion = en;
			hasScannedForEncodings = 0;
			knownRegions = (
				en,
				Base,
			);
			mainGroup = C82EB78720E0C78300824A0A;
			productRefGroup = C82EB79120E0C78300824A0A /* Products */;
			projectDirPath = "";
			projectRoot = "";
			targets = (
				C82EB78F20E0C78300824A0A /* CryptoApp */,
				C82EB7A320E0C78500824A0A /* CryptoAppTests */,
				C82EB7AE20E0C78500824A0A /* CryptoAppUITests */,
			);
		};
/* End PBXProject section */

/* Begin PBXResourcesBuildPhase section */
		C82EB78E20E0C78300824A0A /* Resources */ = {
			isa = PBXResourcesBuildPhase;
			buildActionMask = 2147483647;
			files = (
				C82EB79E20E0C78500824A0A /* LaunchScreen.storyboard in Resources */,
				C82EB79B20E0C78500824A0A /* Assets.xcassets in Resources */,
				C82EB79920E0C78300824A0A /* Main.storyboard in Resources */,
			);
			runOnlyForDeploymentPostprocessing = 0;
		};
		C82EB7A220E0C78500824A0A /* Resources */ = {
			isa = PBXResourcesBuildPhase;
			buildActionMask = 2147483647;
			files = (
			);
			runOnlyForDeploymentPostprocessing = 0;
		};
		C82EB7AD20E0C78500824A0A /* Resources */ = {
			isa = PBXResourcesBuildPhase;
			buildActionMask = 2147483647;
			files = (
			);
			runOnlyForDeploymentPostprocessing = 0;
		};
/* End PBXResourcesBuildPhase section */

/* Begin PBXSourcesBuildPhase section */
		C82EB78C20E0C78300824A0A /* Sources */ = {
			isa = PBXSourcesBuildPhase;
			buildActionMask = 2147483647;
			files = (
				C82EB79620E0C78300824A0A /* ViewController.swift in Sources */,
				C82EB79420E0C78300824A0A /* AppDelegate.swift in Sources */,
			);
			runOnlyForDeploymentPostprocessing = 0;
		};
		C82EB7A020E0C78500824A0A /* Sources */ = {
			isa = PBXSourcesBuildPhase;
			buildActionMask = 2147483647;
			files = (
				C82EB7A920E0C78500824A0A /* CryptoAppTests.swift in Sources */,
			);
			runOnlyForDeploymentPostprocessing = 0;
		};
		C82EB7AB20E0C78500824A0A /* Sources */ = {
			isa = PBXSourcesBuildPhase;
			buildActionMask = 2147483647;
			files = (
				C82EB7B420E0C78500824A0A /* CryptoAppUITests.swift in Sources */,
			);
			runOnlyForDeploymentPostprocessing = 0;
		};
/* End PBXSourcesBuildPhase section */

/* Begin PBXTargetDependency section */
		C82EB7A620E0C78500824A0A /* PBXTargetDependency */ = {
			isa = PBXTargetDependency;
			target = C82EB78F20E0C78300824A0A /* CryptoApp */;
			targetProxy = C82EB7A520E0C78500824A0A /* PBXContainerItemProxy */;
		};
		C82EB7B120E0C78500824A0A /* PBXTargetDependency */ = {
			isa = PBXTargetDependency;
			target = C82EB78F20E0C78300824A0A /* CryptoApp */;
			targetProxy = C82EB7B020E0C78500824A0A /* PBXContainerItemProxy */;
		};
/* End PBXTargetDependency section */

/* Begin PBXVariantGroup section */
		C82EB79720E0C78300824A0A /* Main.storyboard */ = {
			isa = PBXVariantGroup;
			children = (
				C82EB79820E0C78300824A0A /* Base */,
			);
			name = Main.storyboard;
			sourceTree = "<group>";
		};
		C82EB79C20E0C78500824A0A /* LaunchScreen.storyboard */ = {
			isa = PBXVariantGroup;
			children = (
				C82EB79D20E0C78500824A0A /* Base */,
			);
			name = LaunchScreen.storyboard;
			sourceTree = "<group>";
		};
/* End PBXVariantGroup section */

/* Begin XCBuildConfiguration section */
		C82EB7B620E0C78500824A0A /* Debug */ = {
			isa = XCBuildConfiguration;
			buildSettings = {
				ALWAYS_SEARCH_USER_PATHS = NO;
				CLANG_ANALYZER_NONNULL = YES;
				CLANG_ANALYZER_NUMBER_OBJECT_CONVERSION = YES_AGGRESSIVE;
				CLANG_CXX_LANGUAGE_STANDARD = "gnu++14";
				CLANG_CXX_LIBRARY = "libc++";
				CLANG_ENABLE_MODULES = YES;
				CLANG_ENABLE_OBJC_ARC = YES;
				CLANG_ENABLE_OBJC_WEAK = YES;
				CLANG_WARN_BLOCK_CAPTURE_AUTORELEASING = YES;
				CLANG_WARN_BOOL_CONVERSION = YES;
				CLANG_WARN_COMMA = YES;
				CLANG_WARN_CONSTANT_CONVERSION = YES;
				CLANG_WARN_DEPRECATED_OBJC_IMPLEMENTATIONS = YES;
				CLANG_WARN_DIRECT_OBJC_ISA_USAGE = YES_ERROR;
				CLANG_WARN_DOCUMENTATION_COMMENTS = YES;
				CLANG_WARN_EMPTY_BODY = YES;
				CLANG_WARN_ENUM_CONVERSION = YES;
				CLANG_WARN_INFINITE_RECURSION = YES;
				CLANG_WARN_INT_CONVERSION = YES;
				CLANG_WARN_NON_LITERAL_NULL_CONVERSION = YES;
				CLANG_WARN_OBJC_IMPLICIT_RETAIN_SELF = YES;
				CLANG_WARN_OBJC_LITERAL_CONVERSION = YES;
				CLANG_WARN_OBJC_ROOT_CLASS = YES_ERROR;
				CLANG_WARN_RANGE_LOOP_ANALYSIS = YES;
				CLANG_WARN_STRICT_PROTOTYPES = YES;
				CLANG_WARN_SUSPICIOUS_MOVE = YES;
				CLANG_WARN_UNGUARDED_AVAILABILITY = YES_AGGRESSIVE;
				CLANG_WARN_UNREACHABLE_CODE = YES;
				CLANG_WARN__DUPLICATE_METHOD_MATCH = YES;
				CODE_SIGN_IDENTITY = "iPhone Developer";
				COPY_PHASE_STRIP = NO;
				DEBUG_INFORMATION_FORMAT = dwarf;
				ENABLE_STRICT_OBJC_MSGSEND = YES;
				ENABLE_TESTABILITY = YES;
				GCC_C_LANGUAGE_STANDARD = gnu11;
				GCC_DYNAMIC_NO_PIC = NO;
				GCC_NO_COMMON_BLOCKS = YES;
				GCC_OPTIMIZATION_LEVEL = 0;
				GCC_PREPROCESSOR_DEFINITIONS = (
					"DEBUG=1",
					"$(inherited)",
				);
				GCC_WARN_64_TO_32_BIT_CONVERSION = YES;
				GCC_WARN_ABOUT_RETURN_TYPE = YES_ERROR;
				GCC_WARN_UNDECLARED_SELECTOR = YES;
				GCC_WARN_UNINITIALIZED_AUTOS = YES_AGGRESSIVE;
				GCC_WARN_UNUSED_FUNCTION = YES;
				GCC_WARN_UNUSED_VARIABLE = YES;
				IPHONEOS_DEPLOYMENT_TARGET = 11.3;
				MTL_ENABLE_DEBUG_INFO = YES;
				ONLY_ACTIVE_ARCH = YES;
				SDKROOT = iphoneos;
				SWIFT_ACTIVE_COMPILATION_CONDITIONS = DEBUG;
				SWIFT_OPTIMIZATION_LEVEL = "-Onone";
			};
			name = Debug;
		};
		C82EB7B720E0C78500824A0A /* Release */ = {
			isa = XCBuildConfiguration;
			buildSettings = {
				ALWAYS_SEARCH_USER_PATHS = NO;
				CLANG_ANALYZER_NONNULL = YES;
				CLANG_ANALYZER_NUMBER_OBJECT_CONVERSION = YES_AGGRESSIVE;
				CLANG_CXX_LANGUAGE_STANDARD = "gnu++14";
				CLANG_CXX_LIBRARY = "libc++";
				CLANG_ENABLE_MODULES = YES;
				CLANG_ENABLE_OBJC_ARC = YES;
				CLANG_ENABLE_OBJC_WEAK = YES;
				CLANG_WARN_BLOCK_CAPTURE_AUTORELEASING = YES;
				CLANG_WARN_BOOL_CONVERSION = YES;
				CLANG_WARN_COMMA = YES;
				CLANG_WARN_CONSTANT_CONVERSION = YES;
				CLANG_WARN_DEPRECATED_OBJC_IMPLEMENTATIONS = YES;
				CLANG_WARN_DIRECT_OBJC_ISA_USAGE = YES_ERROR;
				CLANG_WARN_DOCUMENTATION_COMMENTS = YES;
				CLANG_WARN_EMPTY_BODY = YES;
				CLANG_WARN_ENUM_CONVERSION = YES;
				CLANG_WARN_INFINITE_RECURSION = YES;
				CLANG_WARN_INT_CONVERSION = YES;
				CLANG_WARN_NON_LITERAL_NULL_CONVERSION = YES;
				CLANG_WARN_OBJC_IMPLICIT_RETAIN_SELF = YES;
				CLANG_WARN_OBJC_LITERAL_CONVERSION = YES;
				CLANG_WARN_OBJC_ROOT_CLASS = YES_ERROR;
				CLANG_WARN_RANGE_LOOP_ANALYSIS = YES;
				CLANG_WARN_STRICT_PROTOTYPES = YES;
				CLANG_WARN_SUSPICIOUS_MOVE = YES;
				CLANG_WARN_UNGUARDED_AVAILABILITY = YES_AGGRESSIVE;
				CLANG_WARN_UNREACHABLE_CODE = YES;
				CLANG_WARN__DUPLICATE_METHOD_MATCH = YES;
				CODE_SIGN_IDENTITY = "iPhone Developer";
				COPY_PHASE_STRIP = NO;
				DEBUG_INFORMATION_FORMAT = "dwarf-with-dsym";
				ENABLE_NS_ASSERTIONS = NO;
				ENABLE_STRICT_OBJC_MSGSEND = YES;
				GCC_C_LANGUAGE_STANDARD = gnu11;
				GCC_NO_COMMON_BLOCKS = YES;
				GCC_WARN_64_TO_32_BIT_CONVERSION = YES;
				GCC_WARN_ABOUT_RETURN_TYPE = YES_ERROR;
				GCC_WARN_UNDECLARED_SELECTOR = YES;
				GCC_WARN_UNINITIALIZED_AUTOS = YES_AGGRESSIVE;
				GCC_WARN_UNUSED_FUNCTION = YES;
				GCC_WARN_UNUSED_VARIABLE = YES;
				IPHONEOS_DEPLOYMENT_TARGET = 11.3;
				MTL_ENABLE_DEBUG_INFO = NO;
				SDKROOT = iphoneos;
				SWIFT_COMPILATION_MODE = wholemodule;
				SWIFT_OPTIMIZATION_LEVEL = "-O";
				VALIDATE_PRODUCT = YES;
			};
			name = Release;
		};
		C82EB7B920E0C78500824A0A /* Debug */ = {
			isa = XCBuildConfiguration;
			buildSettings = {
				ASSETCATALOG_COMPILER_APPICON_NAME = AppIcon;
				CODE_SIGN_STYLE = Automatic;
				INFOPLIST_FILE = CryptoApp/Info.plist;
				LD_RUNPATH_SEARCH_PATHS = (
					"$(inherited)",
					"@executable_path/Frameworks",
				);
				PRODUCT_BUNDLE_IDENTIFIER = angel.landoni.CryptoApp;
				PRODUCT_NAME = "$(TARGET_NAME)";
				SWIFT_VERSION = 4.0;
				TARGETED_DEVICE_FAMILY = "1,2";
			};
			name = Debug;
		};
		C82EB7BA20E0C78500824A0A /* Release */ = {
			isa = XCBuildConfiguration;
			buildSettings = {
				ASSETCATALOG_COMPILER_APPICON_NAME = AppIcon;
				CODE_SIGN_STYLE = Automatic;
				INFOPLIST_FILE = CryptoApp/Info.plist;
				LD_RUNPATH_SEARCH_PATHS = (
					"$(inherited)",
					"@executable_path/Frameworks",
				);
				PRODUCT_BUNDLE_IDENTIFIER = angel.landoni.CryptoApp;
				PRODUCT_NAME = "$(TARGET_NAME)";
				SWIFT_VERSION = 4.0;
				TARGETED_DEVICE_FAMILY = "1,2";
			};
			name = Release;
		};
		C82EB7BC20E0C78500824A0A /* Debug */ = {
			isa = XCBuildConfiguration;
			buildSettings = {
				ALWAYS_EMBED_SWIFT_STANDARD_LIBRARIES = YES;
				BUNDLE_LOADER = "$(TEST_HOST)";
				CODE_SIGN_STYLE = Automatic;
				INFOPLIST_FILE = CryptoAppTests/Info.plist;
				LD_RUNPATH_SEARCH_PATHS = (
					"$(inherited)",
					"@executable_path/Frameworks",
					"@loader_path/Frameworks",
				);
				PRODUCT_BUNDLE_IDENTIFIER = angel.landoni.CryptoAppTests;
				PRODUCT_NAME = "$(TARGET_NAME)";
				SWIFT_VERSION = 4.0;
				TARGETED_DEVICE_FAMILY = "1,2";
				TEST_HOST = "$(BUILT_PRODUCTS_DIR)/CryptoApp.app/CryptoApp";
			};
			name = Debug;
		};
		C82EB7BD20E0C78500824A0A /* Release */ = {
			isa = XCBuildConfiguration;
			buildSettings = {
				ALWAYS_EMBED_SWIFT_STANDARD_LIBRARIES = YES;
				BUNDLE_LOADER = "$(TEST_HOST)";
				CODE_SIGN_STYLE = Automatic;
				INFOPLIST_FILE = CryptoAppTests/Info.plist;
				LD_RUNPATH_SEARCH_PATHS = (
					"$(inherited)",
					"@executable_path/Frameworks",
					"@loader_path/Frameworks",
				);
				PRODUCT_BUNDLE_IDENTIFIER = angel.landoni.CryptoAppTests;
				PRODUCT_NAME = "$(TARGET_NAME)";
				SWIFT_VERSION = 4.0;
				TARGETED_DEVICE_FAMILY = "1,2";
				TEST_HOST = "$(BUILT_PRODUCTS_DIR)/CryptoApp.app/CryptoApp";
			};
			name = Release;
		};
		C82EB7BF20E0C78500824A0A /* Debug */ = {
			isa = XCBuildConfiguration;
			buildSettings = {
				ALWAYS_EMBED_SWIFT_STANDARD_LIBRARIES = YES;
				CODE_SIGN_STYLE = Automatic;
				INFOPLIST_FILE = CryptoAppUITests/Info.plist;
				LD_RUNPATH_SEARCH_PATHS = (
					"$(inherited)",
					"@executable_path/Frameworks",
					"@loader_path/Frameworks",
				);
				PRODUCT_BUNDLE_IDENTIFIER = angel.landoni.CryptoAppUITests;
				PRODUCT_NAME = "$(TARGET_NAME)";
				SWIFT_VERSION = 4.0;
				TARGETED_DEVICE_FAMILY = "1,2";
				TEST_TARGET_NAME = CryptoApp;
			};
			name = Debug;
		};
		C82EB7C020E0C78500824A0A /* Release */ = {
			isa = XCBuildConfiguration;
			buildSettings = {
				ALWAYS_EMBED_SWIFT_STANDARD_LIBRARIES = YES;
				CODE_SIGN_STYLE = Automatic;
				INFOPLIST_FILE = CryptoAppUITests/Info.plist;
				LD_RUNPATH_SEARCH_PATHS = (
					"$(inherited)",
					"@executable_path/Frameworks",
					"@loader_path/Frameworks",
				);
				PRODUCT_BUNDLE_IDENTIFIER = angel.landoni.CryptoAppUITests;
				PRODUCT_NAME = "$(TARGET_NAME)";
				SWIFT_VERSION = 4.0;
				TARGETED_DEVICE_FAMILY = "1,2";
				TEST_TARGET_NAME = CryptoApp;
			};
			name = Release;
		};
/* End XCBuildConfiguration section */

/* Begin XCConfigurationList section */
		C82EB78B20E0C78300824A0A /* Build configuration list for PBXProject "CryptoApp" */ = {
			isa = XCConfigurationList;
			buildConfigurations = (
				C82EB7B620E0C78500824A0A /* Debug */,
				C82EB7B720E0C78500824A0A /* Release */,
			);
			defaultConfigurationIsVisible = 0;
			defaultConfigurationName = Release;
		};
		C82EB7B820E0C78500824A0A /* Build configuration list for PBXNativeTarget "CryptoApp" */ = {
			isa = XCConfigurationList;
			buildConfigurations = (
				C82EB7B920E0C78500824A0A /* Debug */,
				C82EB7BA20E0C78500824A0A /* Release */,
			);
			defaultConfigurationIsVisible = 0;
			defaultConfigurationName = Release;
		};
		C82EB7BB20E0C78500824A0A /* Build configuration list for PBXNativeTarget "CryptoAppTests" */ = {
			isa = XCConfigurationList;
			buildConfigurations = (
				C82EB7BC20E0C78500824A0A /* Debug */,
				C82EB7BD20E0C78500824A0A /* Release */,
			);
			defaultConfigurationIsVisible = 0;
			defaultConfigurationName = Release;
		};
		C82EB7BE20E0C78500824A0A /* Build configuration list for PBXNativeTarget "CryptoAppUITests" */ = {
			isa = XCConfigurationList;
			buildConfigurations = (
				C82EB7BF20E0C78500824A0A /* Debug */,
				C82EB7C020E0C78500824A0A /* Release */,
			);
			defaultConfigurationIsVisible = 0;
			defaultConfigurationName = Release;
		};
/* End XCConfigurationList section */
	};
	rootObject = C82EB78820E0C78300824A0A /* Project object */;
}
